
Microsoft Visual Studio Solution File, Format Version 12.00
# Visual Studio 15
VisualStudioVersion = 15.0.28307.757
MinimumVisualStudioVersion = 10.0.40219.1
Project("{9A19103F-16F7-4668-BE54-9A1E7A4F7556}") = "Engage", "Engage\Engage.csproj", "{1A6828E0-5B7E-43A4-AA22-B01B32D32B48}"
EndProject
Project("{9A19103F-16F7-4668-BE54-9A1E7A4F7556}") = "EngageTests", "EngageTests\EngageTests.csproj", "{1707AC6B-B7CC-429F-BA5D-920B0578CB0D}"
EndProject
Project("{9A19103F-16F7-4668-BE54-9A1E7A4F7556}") = "AB", "AB\AB.csproj", "{87C3DC41-CBD1-4826-9D09-CD471F0AB0E4}"
EndProject
Project("{9A19103F-16F7-4668-BE54-9A1E7A4F7556}") = "EngageRuntime", "EngageRuntime\EngageRuntime.csproj", "{7D1936E8-3AF6-4CFC-AD44-E6CFADBCDA8F}"
EndProject
Project("{FAE04EC0-301F-11D3-BF4B-00C04F79EFBC}") = "TIALAA", "TIALAA\TIALAA.csproj", "{B85AB655-E3DB-463E-B6CB-01ABA20ECA25}"
EndProject
Project("{FAE04EC0-301F-11D3-BF4B-00C04F79EFBC}") = "Runner", "Runner\Runner.csproj", "{0517A65D-DD20-45CE-A9C7-D30262CFBDD6}"
EndProject
Project("{FAE04EC0-301F-11D3-BF4B-00C04F79EFBC}") = "EAX", "EAX\EAX.csproj", "{08411502-2137-4282-979B-4E7F8AD4F120}"
EndProject
Global
	GlobalSection(SolutionConfigurationPlatforms) = preSolution
		Debug|Any CPU = Debug|Any CPU
		Release|Any CPU = Release|Any CPU
	EndGlobalSection
	GlobalSection(ProjectConfigurationPlatforms) = postSolution
		{1A6828E0-5B7E-43A4-AA22-B01B32D32B48}.Debug|Any CPU.ActiveCfg = Debug|Any CPU
		{1A6828E0-5B7E-43A4-AA22-B01B32D32B48}.Debug|Any CPU.Build.0 = Debug|Any CPU
		{1A6828E0-5B7E-43A4-AA22-B01B32D32B48}.Release|Any CPU.ActiveCfg = Release|Any CPU
		{1A6828E0-5B7E-43A4-AA22-B01B32D32B48}.Release|Any CPU.Build.0 = Release|Any CPU
		{1707AC6B-B7CC-429F-BA5D-920B0578CB0D}.Debug|Any CPU.ActiveCfg = Debug|Any CPU
		{1707AC6B-B7CC-429F-BA5D-920B0578CB0D}.Debug|Any CPU.Build.0 = Debug|Any CPU
		{1707AC6B-B7CC-429F-BA5D-920B0578CB0D}.Release|Any CPU.ActiveCfg = Release|Any CPU
		{1707AC6B-B7CC-429F-BA5D-920B0578CB0D}.Release|Any CPU.Build.0 = Release|Any CPU
		{87C3DC41-CBD1-4826-9D09-CD471F0AB0E4}.Debug|Any CPU.ActiveCfg = Debug|Any CPU
		{87C3DC41-CBD1-4826-9D09-CD471F0AB0E4}.Debug|Any CPU.Build.0 = Debug|Any CPU
		{87C3DC41-CBD1-4826-9D09-CD471F0AB0E4}.Release|Any CPU.ActiveCfg = Release|Any CPU
		{87C3DC41-CBD1-4826-9D09-CD471F0AB0E4}.Release|Any CPU.Build.0 = Release|Any CPU
		{7D1936E8-3AF6-4CFC-AD44-E6CFADBCDA8F}.Debug|Any CPU.ActiveCfg = Debug|Any CPU
		{7D1936E8-3AF6-4CFC-AD44-E6CFADBCDA8F}.Debug|Any CPU.Build.0 = Debug|Any CPU
		{7D1936E8-3AF6-4CFC-AD44-E6CFADBCDA8F}.Release|Any CPU.ActiveCfg = Release|Any CPU
		{7D1936E8-3AF6-4CFC-AD44-E6CFADBCDA8F}.Release|Any CPU.Build.0 = Release|Any CPU
		{B85AB655-E3DB-463E-B6CB-01ABA20ECA25}.Debug|Any CPU.ActiveCfg = Debug|Any CPU
		{B85AB655-E3DB-463E-B6CB-01ABA20ECA25}.Debug|Any CPU.Build.0 = Debug|Any CPU
		{B85AB655-E3DB-463E-B6CB-01ABA20ECA25}.Release|Any CPU.ActiveCfg = Release|Any CPU
		{B85AB655-E3DB-463E-B6CB-01ABA20ECA25}.Release|Any CPU.Build.0 = Release|Any CPU
		{0517A65D-DD20-45CE-A9C7-D30262CFBDD6}.Debug|Any CPU.ActiveCfg = Debug|Any CPU
		{0517A65D-DD20-45CE-A9C7-D30262CFBDD6}.Debug|Any CPU.Build.0 = Debug|Any CPU
		{0517A65D-DD20-45CE-A9C7-D30262CFBDD6}.Release|Any CPU.ActiveCfg = Release|Any CPU
		{0517A65D-DD20-45CE-A9C7-D30262CFBDD6}.Release|Any CPU.Build.0 = Release|Any CPU
		{08411502-2137-4282-979B-4E7F8AD4F120}.Debug|Any CPU.ActiveCfg = Debug|Any CPU
		{08411502-2137-4282-979B-4E7F8AD4F120}.Debug|Any CPU.Build.0 = Debug|Any CPU
		{08411502-2137-4282-979B-4E7F8AD4F120}.Release|Any CPU.ActiveCfg = Release|Any CPU
		{08411502-2137-4282-979B-4E7F8AD4F120}.Release|Any CPU.Build.0 = Release|Any CPU
	EndGlobalSection
	GlobalSection(SolutionProperties) = preSolution
		HideSolutionNode = FALSE
	EndGlobalSection
	GlobalSection(ExtensibilityGlobals) = postSolution
		SolutionGuid = {0A95EFF8-BEA5-4988-9404-F123E7BFC42A}
	EndGlobalSection
EndGlobal
